// !$*UTF8*$!
{
	archiveVersion = 1;
	classes = {
	};
	objectVersion = 46;
	objects = {

/* Begin PBXBuildFile section */
		AF6AB83F1F55CAE300A7A3A9 /* AppDelegate.swift in Sources */ = {isa = PBXBuildFile; fileRef = AF6AB83E1F55CAE300A7A3A9 /* AppDelegate.swift */; };
		AF6AB8411F55CAE300A7A3A9 /* ViewController.swift in Sources */ = {isa = PBXBuildFile; fileRef = AF6AB8401F55CAE300A7A3A9 /* ViewController.swift */; };
		AF6AB8441F55CAE300A7A3A9 /* Main.storyboard in Resources */ = {isa = PBXBuildFile; fileRef = AF6AB8421F55CAE300A7A3A9 /* Main.storyboard */; };
		AF6AB8461F55CAE300A7A3A9 /* Assets.xcassets in Resources */ = {isa = PBXBuildFile; fileRef = AF6AB8451F55CAE300A7A3A9 /* Assets.xcassets */; };
		AF6AB8491F55CAE300A7A3A9 /* LaunchScreen.storyboard in Resources */ = {isa = PBXBuildFile; fileRef = AF6AB8471F55CAE300A7A3A9 /* LaunchScreen.storyboard */; };
		AFAF35611FC5799900118832 /* YXWCustomCollectionLayout.swift in Sources */ = {isa = PBXBuildFile; fileRef = AFAF35601FC5799900118832 /* YXWCustomCollectionLayout.swift */; };
		AFAF35641FC5898500118832 /* testCollectionViewCell.swift in Sources */ = {isa = PBXBuildFile; fileRef = AFAF35621FC5898500118832 /* testCollectionViewCell.swift */; };
		AFAF35651FC5898500118832 /* testCollectionViewCell.xib in Resources */ = {isa = PBXBuildFile; fileRef = AFAF35631FC5898500118832 /* testCollectionViewCell.xib */; };
		AFAF35671FC58A0600118832 /* YXWArsenal.swift in Sources */ = {isa = PBXBuildFile; fileRef = AFAF35661FC58A0600118832 /* YXWArsenal.swift */; };
		AFAF356A1FC5914500118832 /* testCollectionReusableView.swift in Sources */ = {isa = PBXBuildFile; fileRef = AFAF35681FC5914500118832 /* testCollectionReusableView.swift */; };
		AFAF356B1FC5914500118832 /* testCollectionReusableView.xib in Resources */ = {isa = PBXBuildFile; fileRef = AFAF35691FC5914500118832 /* testCollectionReusableView.xib */; };
		AFAF35761FC6BBA400118832 /* 1511424228708.jpg in Resources */ = {isa = PBXBuildFile; fileRef = AFAF35731FC6BBA400118832 /* 1511424228708.jpg */; };
		AFAF35771FC6BBA400118832 /* 1511424211305.jpg in Resources */ = {isa = PBXBuildFile; fileRef = AFAF35741FC6BBA400118832 /* 1511424211305.jpg */; };
		AFAF35781FC6BBA400118832 /* 1511424246479.jpg in Resources */ = {isa = PBXBuildFile; fileRef = AFAF35751FC6BBA400118832 /* 1511424246479.jpg */; };
/* End PBXBuildFile section */

/* Begin PBXFileReference section */
		AF6AB83B1F55CAE300A7A3A9 /* YXWCustomCollectionLayout.app */ = {isa = PBXFileReference; explicitFileType = wrapper.application; includeInIndex = 0; path = YXWCustomCollectionLayout.app; sourceTree = BUILT_PRODUCTS_DIR; };
		AF6AB83E1F55CAE300A7A3A9 /* AppDelegate.swift */ = {isa = PBXFileReference; lastKnownFileType = sourcecode.swift; path = AppDelegate.swift; sourceTree = "<group>"; };
		AF6AB8401F55CAE300A7A3A9 /* ViewController.swift */ = {isa = PBXFileReference; lastKnownFileType = sourcecode.swift; path = ViewController.swift; sourceTree = "<group>"; };
		AF6AB8431F55CAE300A7A3A9 /* Base */ = {isa = PBXFileReference; lastKnownFileType = file.storyboard; name = Base; path = Base.lproj/Main.storyboard; sourceTree = "<group>"; };
		AF6AB8451F55CAE300A7A3A9 /* Assets.xcassets */ = {isa = PBXFileReference; lastKnownFileType = folder.assetcatalog; path = Assets.xcassets; sourceTree = "<group>"; };
		AF6AB8481F55CAE300A7A3A9 /* Base */ = {isa = PBXFileReference; lastKnownFileType = file.storyboard; name = Base; path = Base.lproj/LaunchScreen.storyboard; sourceTree = "<group>"; };
		AF6AB84A1F55CAE300A7A3A9 /* Info.plist */ = {isa = PBXFileReference; lastKnownFileType = text.plist.xml; path = Info.plist; sourceTree = "<group>"; };
		AFAF35601FC5799900118832 /* YXWCustomCollectionLayout.swift */ = {isa = PBXFileReference; fileEncoding = 4; lastKnownFileType = sourcecode.swift; path = YXWCustomCollectionLayout.swift; sourceTree = "<group>"; };
		AFAF35621FC5898500118832 /* testCollectionViewCell.swift */ = {isa = PBXFileReference; lastKnownFileType = sourcecode.swift; path = testCollectionViewCell.swift; sourceTree = "<group>"; };
		AFAF35631FC5898500118832 /* testCollectionViewCell.xib */ = {isa = PBXFileReference; lastKnownFileType = file.xib; path = testCollectionViewCell.xib; sourceTree = "<group>"; };
		AFAF35661FC58A0600118832 /* YXWArsenal.swift */ = {isa = PBXFileReference; fileEncoding = 4; lastKnownFileType = sourcecode.swift; path = YXWArsenal.swift; sourceTree = "<group>"; };
		AFAF35681FC5914500118832 /* testCollectionReusableView.swift */ = {isa = PBXFileReference; lastKnownFileType = sourcecode.swift; path = testCollectionReusableView.swift; sourceTree = "<group>"; };
		AFAF35691FC5914500118832 /* testCollectionReusableView.xib */ = {isa = PBXFileReference; lastKnownFileType = file.xib; path = testCollectionReusableView.xib; sourceTree = "<group>"; };
		AFAF35731FC6BBA400118832 /* 1511424228708.jpg */ = {isa = PBXFileReference; lastKnownFileType = image.jpeg; path = 1511424228708.jpg; sourceTree = "<group>"; };
		AFAF35741FC6BBA400118832 /* 1511424211305.jpg */ = {isa = PBXFileReference; lastKnownFileType = image.jpeg; path = 1511424211305.jpg; sourceTree = "<group>"; };
		AFAF35751FC6BBA400118832 /* 1511424246479.jpg */ = {isa = PBXFileReference; lastKnownFileType = image.jpeg; path = 1511424246479.jpg; sourceTree = "<group>"; };
/* End PBXFileReference section */

/* Begin PBXFrameworksBuildPhase section */
		AF6AB8381F55CAE300A7A3A9 /* Frameworks */ = {
			isa = PBXFrameworksBuildPhase;
			buildActionMask = 2147483647;
			files = (
			);
			runOnlyForDeploymentPostprocessing = 0;
		};
/* End PBXFrameworksBuildPhase section */

/* Begin PBXGroup section */
		AF6AB8321F55CAE300A7A3A9 = {
			isa = PBXGroup;
			children = (
				AF6AB83D1F55CAE300A7A3A9 /* YXWCustomCollectionLayout */,
				AF6AB83C1F55CAE300A7A3A9 /* Products */,
			);
			sourceTree = "<group>";
		};
		AF6AB83C1F55CAE300A7A3A9 /* Products */ = {
			isa = PBXGroup;
			children = (
				AF6AB83B1F55CAE300A7A3A9 /* YXWCustomCollectionLayout.app */,
			);
			name = Products;
			sourceTree = "<group>";
		};
		AF6AB83D1F55CAE300A7A3A9 /* YXWCustomCollectionLayout */ = {
			isa = PBXGroup;
			children = (
				AFAF35741FC6BBA400118832 /* 1511424211305.jpg */,
				AFAF35731FC6BBA400118832 /* 1511424228708.jpg */,
				AFAF35751FC6BBA400118832 /* 1511424246479.jpg */,
				AF6AB83E1F55CAE300A7A3A9 /* AppDelegate.swift */,
				AFAF35661FC58A0600118832 /* YXWArsenal.swift */,
				AF6AB8401F55CAE300A7A3A9 /* ViewController.swift */,
				AFAF35601FC5799900118832 /* YXWCustomCollectionLayout.swift */,
				AFAF35621FC5898500118832 /* testCollectionViewCell.swift */,
				AFAF35631FC5898500118832 /* testCollectionViewCell.xib */,
				AFAF35681FC5914500118832 /* testCollectionReusableView.swift */,
				AFAF35691FC5914500118832 /* testCollectionReusableView.xib */,
				AF6AB8421F55CAE300A7A3A9 /* Main.storyboard */,
				AF6AB8451F55CAE300A7A3A9 /* Assets.xcassets */,
				AF6AB8471F55CAE300A7A3A9 /* LaunchScreen.storyboard */,
				AF6AB84A1F55CAE300A7A3A9 /* Info.plist */,
			);
			path = YXWCustomCollectionLayout;
			sourceTree = "<group>";
		};
/* End PBXGroup section */

/* Begin PBXNativeTarget section */
		AF6AB83A1F55CAE300A7A3A9 /* YXWCustomCollectionLayout */ = {
			isa = PBXNativeTarget;
			buildConfigurationList = AF6AB84D1F55CAE300A7A3A9 /* Build configuration list for PBXNativeTarget "YXWCustomCollectionLayout" */;
			buildPhases = (
				AF6AB8371F55CAE300A7A3A9 /* Sources */,
				AF6AB8381F55CAE300A7A3A9 /* Frameworks */,
				AF6AB8391F55CAE300A7A3A9 /* Resources */,
			);
			buildRules = (
			);
			dependencies = (
			);
			name = YXWCustomCollectionLayout;
			productName = YXWCustomCollectionLayout;
			productReference = AF6AB83B1F55CAE300A7A3A9 /* YXWCustomCollectionLayout.app */;
			productType = "com.apple.product-type.application";
		};
/* End PBXNativeTarget section */

/* Begin PBXProject section */
		AF6AB8331F55CAE300A7A3A9 /* Project object */ = {
			isa = PBXProject;
			attributes = {
				LastSwiftUpdateCheck = 0830;
				LastUpgradeCheck = 0830;
				ORGANIZATIONNAME = "原晓文";
				TargetAttributes = {
					AF6AB83A1F55CAE300A7A3A9 = {
						CreatedOnToolsVersion = 8.3.3;
						DevelopmentTeam = N5XKP8RSU6;
						ProvisioningStyle = Automatic;
					};
				};
			};
			buildConfigurationList = AF6AB8361F55CAE300A7A3A9 /* Build configuration list for PBXProject "YXWCustomCollectionLayout" */;
			compatibilityVersion = "Xcode 3.2";
			developmentRegion = English;
			hasScannedForEncodings = 0;
			knownRegions = (
				en,
				Base,
			);
			mainGroup = AF6AB8321F55CAE300A7A3A9;
			productRefGroup = AF6AB83C1F55CAE300A7A3A9 /* Products */;
			projectDirPath = "";
			projectRoot = "";
			targets = (
				AF6AB83A1F55CAE300A7A3A9 /* YXWCustomCollectionLayout */,
			);
		};
/* End PBXProject section */

/* Begin PBXResourcesBuildPhase section */
		AF6AB8391F55CAE300A7A3A9 /* Resources */ = {
			isa = PBXResourcesBuildPhase;
			buildActionMask = 2147483647;
			files = (
				AF6AB8491F55CAE300A7A3A9 /* LaunchScreen.storyboard in Resources */,
				AFAF356B1FC5914500118832 /* testCollectionReusableView.xib in Resources */,
				AFAF35781FC6BBA400118832 /* 1511424246479.jpg in Resources */,
				AF6AB8461F55CAE300A7A3A9 /* Assets.xcassets in Resources */,
				AFAF35761FC6BBA400118832 /* 1511424228708.jpg in Resources */,
				AFAF35651FC5898500118832 /* testCollectionViewCell.xib in Resources */,
				AFAF35771FC6BBA400118832 /* 1511424211305.jpg in Resources */,
				AF6AB8441F55CAE300A7A3A9 /* Main.storyboard in Resources */,
			);
			runOnlyForDeploymentPostprocessing = 0;
		};
/* End PBXResourcesBuildPhase section */

/* Begin PBXSourcesBuildPhase section */
		AF6AB8371F55CAE300A7A3A9 /* Sources */ = {
			isa = PBXSourcesBuildPhase;
			buildActionMask = 2147483647;
			files = (
				AFAF35671FC58A0600118832 /* YXWArsenal.swift in Sources */,
				AF6AB8411F55CAE300A7A3A9 /* ViewController.swift in Sources */,
				AFAF356A1FC5914500118832 /* testCollectionReusableView.swift in Sources */,
				AF6AB83F1F55CAE300A7A3A9 /* AppDelegate.swift in Sources */,
				AFAF35641FC5898500118832 /* testCollectionViewCell.swift in Sources */,
				AFAF35611FC5799900118832 /* YXWCustomCollectionLayout.swift in Sources */,
			);
			runOnlyForDeploymentPostprocessing = 0;
		};
/* End PBXSourcesBuildPhase section */

/* Begin PBXVariantGroup section */
		AF6AB8421F55CAE300A7A3A9 /* Main.storyboard */ = {
			isa = PBXVariantGroup;
			children = (
				AF6AB8431F55CAE300A7A3A9 /* Base */,
			);
			name = Main.storyboard;
			sourceTree = "<group>";
		};
		AF6AB8471F55CAE300A7A3A9 /* LaunchScreen.storyboard */ = {
			isa = PBXVariantGroup;
			children = (
				AF6AB8481F55CAE300A7A3A9 /* Base */,
			);
			name = LaunchScreen.storyboard;
			sourceTree = "<group>";
		};
/* End PBXVariantGroup section */

/* Begin XCBuildConfiguration section */
		AF6AB84B1F55CAE300A7A3A9 /* Debug */ = {
			isa = XCBuildConfiguration;
			buildSettings = {
				ALWAYS_SEARCH_USER_PATHS = NO;
				CLANG_ANALYZER_NONNULL = YES;
				CLANG_ANALYZER_NUMBER_OBJECT_CONVERSION = YES_AGGRESSIVE;
				CLANG_CXX_LANGUAGE_STANDARD = "gnu++0x";
				CLANG_CXX_LIBRARY = "libc++";
				CLANG_ENABLE_MODULES = YES;
				CLANG_ENABLE_OBJC_ARC = YES;
				CLANG_WARN_BOOL_CONVERSION = YES;
				CLANG_WARN_CONSTANT_CONVERSION = YES;
				CLANG_WARN_DIRECT_OBJC_ISA_USAGE = YES_ERROR;
				CLANG_WARN_DOCUMENTATION_COMMENTS = YES;
				CLANG_WARN_EMPTY_BODY = YES;
				CLANG_WARN_ENUM_CONVERSION = YES;
				CLANG_WARN_INFINITE_RECURSION = YES;
				CLANG_WARN_INT_CONVERSION = YES;
				CLANG_WARN_OBJC_ROOT_CLASS = YES_ERROR;
				CLANG_WARN_SUSPICIOUS_MOVE = YES;
				CLANG_WARN_UNREACHABLE_CODE = YES;
				CLANG_WARN__DUPLICATE_METHOD_MATCH = YES;
				"CODE_SIGN_IDENTITY[sdk=iphoneos*]" = "iPhone Developer";
				COPY_PHASE_STRIP = NO;
				DEBUG_INFORMATION_FORMAT = dwarf;
				ENABLE_STRICT_OBJC_MSGSEND = YES;
				ENABLE_TESTABILITY = YES;
				GCC_C_LANGUAGE_STANDARD = gnu99;
				GCC_DYNAMIC_NO_PIC = NO;
				GCC_NO_COMMON_BLOCKS = YES;
				GCC_OPTIMIZATION_LEVEL = 0;
				GCC_PREPROCESSOR_DEFINITIONS = (
					"DEBUG=1",
					"$(inherited)",
				);
				GCC_WARN_64_TO_32_BIT_CONVERSION = YES;
				GCC_WARN_ABOUT_RETURN_TYPE = YES_ERROR;
				GCC_WARN_UNDECLARED_SELECTOR = YES;
				GCC_WARN_UNINITIALIZED_AUTOS = YES_AGGRESSIVE;
				GCC_WARN_UNUSED_FUNCTION = YES;
				GCC_WARN_UNUSED_VARIABLE = YES;
				IPHONEOS_DEPLOYMENT_TARGET = 10.3;
				MTL_ENABLE_DEBUG_INFO = YES;
				ONLY_ACTIVE_ARCH = YES;
				SDKROOT = iphoneos;
				SWIFT_ACTIVE_COMPILATION_CONDITIONS = DEBUG;
				SWIFT_OPTIMIZATION_LEVEL = "-Onone";
			};
			name = Debug;
		};
		AF6AB84C1F55CAE300A7A3A9 /* Release */ = {
			isa = XCBuildConfiguration;
			buildSettings = {
				ALWAYS_SEARCH_USER_PATHS = NO;
				CLANG_ANALYZER_NONNULL = YES;
				CLANG_ANALYZER_NUMBER_OBJECT_CONVERSION = YES_AGGRESSIVE;
				CLANG_CXX_LANGUAGE_STANDARD = "gnu++0x";
				CLANG_CXX_LIBRARY = "libc++";
				CLANG_ENABLE_MODULES = YES;
				CLANG_ENABLE_OBJC_ARC = YES;
				CLANG_WARN_BOOL_CONVERSION = YES;
				CLANG_WARN_CONSTANT_CONVERSION = YES;
				CLANG_WARN_DIRECT_OBJC_ISA_USAGE = YES_ERROR;
				CLANG_WARN_DOCUMENTATION_COMMENTS = YES;
				CLANG_WARN_EMPTY_BODY = YES;
				CLANG_WARN_ENUM_CONVERSION = YES;
				CLANG_WARN_INFINITE_RECURSION = YES;
				CLANG_WARN_INT_CONVERSION = YES;
				CLANG_WARN_OBJC_ROOT_CLASS = YES_ERROR;
				CLANG_WARN_SUSPICIOUS_MOVE = YES;
				CLANG_WARN_UNREACHABLE_CODE = YES;
				CLANG_WARN__DUPLICATE_METHOD_MATCH = YES;
				"CODE_SIGN_IDENTITY[sdk=iphoneos*]" = "iPhone Developer";
				COPY_PHASE_STRIP = NO;
				DEBUG_INFORMATION_FORMAT = "dwarf-with-dsym";
				ENABLE_NS_ASSERTIONS = NO;
				ENABLE_STRICT_OBJC_MSGSEND = YES;
				GCC_C_LANGUAGE_STANDARD = gnu99;
				GCC_NO_COMMON_BLOCKS = YES;
				GCC_WARN_64_TO_32_BIT_CONVERSION = YES;
				GCC_WARN_ABOUT_RETURN_TYPE = YES_ERROR;
				GCC_WARN_UNDECLARED_SELECTOR = YES;
				GCC_WARN_UNINITIALIZED_AUTOS = YES_AGGRESSIVE;
				GCC_WARN_UNUSED_FUNCTION = YES;
				GCC_WARN_UNUSED_VARIABLE = YES;
				IPHONEOS_DEPLOYMENT_TARGET = 10.3;
				MTL_ENABLE_DEBUG_INFO = NO;
				SDKROOT = iphoneos;
				SWIFT_OPTIMIZATION_LEVEL = "-Owholemodule";
				VALIDATE_PRODUCT = YES;
			};
			name = Release;
		};
		AF6AB84E1F55CAE300A7A3A9 /* Debug */ = {
			isa = XCBuildConfiguration;
			buildSettings = {
				ASSETCATALOG_COMPILER_APPICON_NAME = AppIcon;
				DEVELOPMENT_TEAM = N5XKP8RSU6;
				INFOPLIST_FILE = YXWCustomCollectionLayout/Info.plist;
				LD_RUNPATH_SEARCH_PATHS = "$(inherited) @executable_path/Frameworks";
				PRODUCT_BUNDLE_IDENTIFIER = Curve.com.YXWCustomCollectionLayout;
				PRODUCT_NAME = "$(TARGET_NAME)";
				SWIFT_VERSION = 3.0;
			};
			name = Debug;
		};
		AF6AB84F1F55CAE300A7A3A9 /* Release */ = {
			isa = XCBuildConfiguration;
			buildSettings = {
				ASSETCATALOG_COMPILER_APPICON_NAME = AppIcon;
				DEVELOPMENT_TEAM = N5XKP8RSU6;
				INFOPLIST_FILE = YXWCustomCollectionLayout/Info.plist;
				LD_RUNPATH_SEARCH_PATHS = "$(inherited) @executable_path/Frameworks";
				PRODUCT_BUNDLE_IDENTIFIER = Curve.com.YXWCustomCollectionLayout;
				PRODUCT_NAME = "$(TARGET_NAME)";
				SWIFT_VERSION = 3.0;
			};
			name = Release;
		};
/* End XCBuildConfiguration section */

/* Begin XCConfigurationList section */
		AF6AB8361F55CAE300A7A3A9 /* Build configuration list for PBXProject "YXWCustomCollectionLayout" */ = {
			isa = XCConfigurationList;
			buildConfigurations = (
				AF6AB84B1F55CAE300A7A3A9 /* Debug */,
				AF6AB84C1F55CAE300A7A3A9 /* Release */,
			);
			defaultConfigurationIsVisible = 0;
			defaultConfigurationName = Release;
		};
		AF6AB84D1F55CAE300A7A3A9 /* Build configuration list for PBXNativeTarget "YXWCustomCollectionLayout" */ = {
			isa = XCConfigurationList;
			buildConfigurations = (
				AF6AB84E1F55CAE300A7A3A9 /* Debug */,
				AF6AB84F1F55CAE300A7A3A9 /* Release */,
			);
			defaultConfigurationIsVisible = 0;
			defaultConfigurationName = Release;
		};
/* End XCConfigurationList section */
	};
	rootObject = AF6AB8331F55CAE300A7A3A9 /* Project object */;
}
